// !$*UTF8*$!
{
	archiveVersion = 1;
	classes = {
	};
	objectVersion = 46;
	objects = {

/* Begin PBXBuildFile section */
		4C289E881F754DCE00E153B8 /* main.m in Sources */ = {isa = PBXBuildFile; fileRef = 4C289E871F754DCE00E153B8 /* main.m */; };
		4C289E8B1F754DCE00E153B8 /* AppDelegate.m in Sources */ = {isa = PBXBuildFile; fileRef = 4C289E8A1F754DCE00E153B8 /* AppDelegate.m */; };
		4C289E911F754DCE00E153B8 /* Main.storyboard in Resources */ = {isa = PBXBuildFile; fileRef = 4C289E8F1F754DCE00E153B8 /* Main.storyboard */; };
		4C289E931F754DCE00E153B8 /* Assets.xcassets in Resources */ = {isa = PBXBuildFile; fileRef = 4C289E921F754DCE00E153B8 /* Assets.xcassets */; };
		4C289E961F754DCE00E153B8 /* LaunchScreen.storyboard in Resources */ = {isa = PBXBuildFile; fileRef = 4C289E941F754DCE00E153B8 /* LaunchScreen.storyboard */; };
		4C2A13D81F9245D100C1D4B2 /* EdgeDetectionViewController.xib in Resources */ = {isa = PBXBuildFile; fileRef = 4C2A13D61F9245D100C1D4B2 /* EdgeDetectionViewController.xib */; };
		4C2A13DB1F9246B300C1D4B2 /* LabUtils.m in Sources */ = {isa = PBXBuildFile; fileRef = 4C2A13DA1F9246B300C1D4B2 /* LabUtils.m */; };
		4C2A13DE1F9249D500C1D4B2 /* EdgeDetectionViewController.mm in Sources */ = {isa = PBXBuildFile; fileRef = 4C2A13DD1F9249D500C1D4B2 /* EdgeDetectionViewController.mm */; };
		4C3DF2EE1F966527007F6986 /* CourseListViewController.m in Sources */ = {isa = PBXBuildFile; fileRef = 4C3DF2ED1F966527007F6986 /* CourseListViewController.m */; };
		4C3DF2F11F966544007F6986 /* Course.storyboard in Resources */ = {isa = PBXBuildFile; fileRef = 4C3DF2F01F966544007F6986 /* Course.storyboard */; };
		4C3DF2FB1F966DAE007F6986 /* C2AL1ViewController.mm in Sources */ = {isa = PBXBuildFile; fileRef = 4C3DF2F91F966DAE007F6986 /* C2AL1ViewController.mm */; };
		4C3DF2FC1F966DAE007F6986 /* C2AL1ViewController.xib in Resources */ = {isa = PBXBuildFile; fileRef = 4C3DF2FA1F966DAE007F6986 /* C2AL1ViewController.xib */; };
		4C3E719F1F78FB7B003F5AE2 /* VLButton.m in Sources */ = {isa = PBXBuildFile; fileRef = 4C3E719D1F78FB7B003F5AE2 /* VLButton.m */; };
		4C3E71A41F78FB87003F5AE2 /* HelloOpenCVViewController.mm in Sources */ = {isa = PBXBuildFile; fileRef = 4C3E71A21F78FB87003F5AE2 /* HelloOpenCVViewController.mm */; };
		4C3E71A51F78FB87003F5AE2 /* HelloOpenCVViewController.xib in Resources */ = {isa = PBXBuildFile; fileRef = 4C3E71A31F78FB87003F5AE2 /* HelloOpenCVViewController.xib */; };
		4C3E71AB1F78FBA8003F5AE2 /* opencv2.framework in Frameworks */ = {isa = PBXBuildFile; fileRef = 4C3E71A81F78FBA8003F5AE2 /* opencv2.framework */; };
		4C3E71B01F78FC14003F5AE2 /* MainViewController.m in Sources */ = {isa = PBXBuildFile; fileRef = 4C3E71AF1F78FC14003F5AE2 /* MainViewController.m */; };
		4C3E71B31F7937D9003F5AE2 /* music_256.png in Resources */ = {isa = PBXBuildFile; fileRef = 4C3E71B21F7937D9003F5AE2 /* music_256.png */; };
		4C3E71B51F7937ED003F5AE2 /* sunset_256.png in Resources */ = {isa = PBXBuildFile; fileRef = 4C3E71B41F7937ED003F5AE2 /* sunset_256.png */; };
		4C7C135F1F977C450032628E /* C2BL1ViewController.mm in Sources */ = {isa = PBXBuildFile; fileRef = 4C7C135D1F977C450032628E /* C2BL1ViewController.mm */; };
		4C7C13601F977C450032628E /* C2BL1ViewController.xib in Resources */ = {isa = PBXBuildFile; fileRef = 4C7C135E1F977C450032628E /* C2BL1ViewController.xib */; };
		4C7C13671F9780C20032628E /* VLDrawObject.m in Sources */ = {isa = PBXBuildFile; fileRef = 4C7C13661F9780C20032628E /* VLDrawObject.m */; };
		4C7C136A1F9780EA0032628E /* VLDrawView.m in Sources */ = {isa = PBXBuildFile; fileRef = 4C7C13691F9780EA0032628E /* VLDrawView.m */; };
		4C7C136E1F9785420032628E /* VLLine.m in Sources */ = {isa = PBXBuildFile; fileRef = 4C7C136D1F9785420032628E /* VLLine.m */; };
		4C7C13711F9789430032628E /* VLRectangle.m in Sources */ = {isa = PBXBuildFile; fileRef = 4C7C13701F9789430032628E /* VLRectangle.m */; };
		4C7C13741F978A950032628E /* VLCircle.m in Sources */ = {isa = PBXBuildFile; fileRef = 4C7C13731F978A950032628E /* VLCircle.m */; };
		4C7C13761F97935E0032628E /* simple_shapes_512.png in Resources */ = {isa = PBXBuildFile; fileRef = 4C7C13751F9793350032628E /* simple_shapes_512.png */; };
		4C7C13781F9797D80032628E /* hough_line_test.png in Resources */ = {isa = PBXBuildFile; fileRef = 4C7C13771F9797D20032628E /* hough_line_test.png */; };
		4C8D0BE21F95083300697A47 /* toy_2048.jpg in Resources */ = {isa = PBXBuildFile; fileRef = 4C8D0BDF1F9507C000697A47 /* toy_2048.jpg */; };
		4C8D0BE31F95083300697A47 /* house_1024.jpg in Resources */ = {isa = PBXBuildFile; fileRef = 4C8D0BE11F9507C100697A47 /* house_1024.jpg */; };
		4C8D0BE41F95083300697A47 /* inhouse_512.jpg in Resources */ = {isa = PBXBuildFile; fileRef = 4C8D0BE01F9507C000697A47 /* inhouse_512.jpg */; };
/* End PBXBuildFile section */

/* Begin PBXFileReference section */
		4C289E831F754DCE00E153B8 /* VisionLAB.app */ = {isa = PBXFileReference; explicitFileType = wrapper.application; includeInIndex = 0; path = VisionLAB.app; sourceTree = BUILT_PRODUCTS_DIR; };
		4C289E871F754DCE00E153B8 /* main.m */ = {isa = PBXFileReference; lastKnownFileType = sourcecode.c.objc; path = main.m; sourceTree = "<group>"; };
		4C289E891F754DCE00E153B8 /* AppDelegate.h */ = {isa = PBXFileReference; lastKnownFileType = sourcecode.c.h; path = AppDelegate.h; sourceTree = "<group>"; };
		4C289E8A1F754DCE00E153B8 /* AppDelegate.m */ = {isa = PBXFileReference; lastKnownFileType = sourcecode.c.objc; path = AppDelegate.m; sourceTree = "<group>"; };
		4C289E901F754DCE00E153B8 /* Base */ = {isa = PBXFileReference; lastKnownFileType = file.storyboard; name = Base; path = Base.lproj/Main.storyboard; sourceTree = "<group>"; };
		4C289E921F754DCE00E153B8 /* Assets.xcassets */ = {isa = PBXFileReference; lastKnownFileType = folder.assetcatalog; path = Assets.xcassets; sourceTree = "<group>"; };
		4C289E951F754DCE00E153B8 /* Base */ = {isa = PBXFileReference; lastKnownFileType = file.storyboard; name = Base; path = Base.lproj/LaunchScreen.storyboard; sourceTree = "<group>"; };
		4C289E971F754DCE00E153B8 /* Info.plist */ = {isa = PBXFileReference; lastKnownFileType = text.plist.xml; path = Info.plist; sourceTree = "<group>"; };
		4C2A13D61F9245D100C1D4B2 /* EdgeDetectionViewController.xib */ = {isa = PBXFileReference; lastKnownFileType = file.xib; path = EdgeDetectionViewController.xib; sourceTree = "<group>"; };
		4C2A13D91F9246B300C1D4B2 /* LabUtils.h */ = {isa = PBXFileReference; lastKnownFileType = sourcecode.c.h; path = LabUtils.h; sourceTree = "<group>"; };
		4C2A13DA1F9246B300C1D4B2 /* LabUtils.m */ = {isa = PBXFileReference; lastKnownFileType = sourcecode.c.objc; path = LabUtils.m; sourceTree = "<group>"; };
		4C2A13DC1F9249D500C1D4B2 /* EdgeDetectionViewController.h */ = {isa = PBXFileReference; lastKnownFileType = sourcecode.c.h; path = EdgeDetectionViewController.h; sourceTree = "<group>"; };
		4C2A13DD1F9249D500C1D4B2 /* EdgeDetectionViewController.mm */ = {isa = PBXFileReference; lastKnownFileType = sourcecode.cpp.objcpp; path = EdgeDetectionViewController.mm; sourceTree = "<group>"; };
		4C3DF2EC1F966527007F6986 /* CourseListViewController.h */ = {isa = PBXFileReference; lastKnownFileType = sourcecode.c.h; path = CourseListViewController.h; sourceTree = "<group>"; };
		4C3DF2ED1F966527007F6986 /* CourseListViewController.m */ = {isa = PBXFileReference; lastKnownFileType = sourcecode.c.objc; path = CourseListViewController.m; sourceTree = "<group>"; };
		4C3DF2F01F966544007F6986 /* Course.storyboard */ = {isa = PBXFileReference; lastKnownFileType = file.storyboard; path = Course.storyboard; sourceTree = "<group>"; };
		4C3DF2F81F966DAE007F6986 /* C2AL1ViewController.h */ = {isa = PBXFileReference; lastKnownFileType = sourcecode.c.h; path = C2AL1ViewController.h; sourceTree = "<group>"; };
		4C3DF2F91F966DAE007F6986 /* C2AL1ViewController.mm */ = {isa = PBXFileReference; lastKnownFileType = sourcecode.cpp.objcpp; path = C2AL1ViewController.mm; sourceTree = "<group>"; };
		4C3DF2FA1F966DAE007F6986 /* C2AL1ViewController.xib */ = {isa = PBXFileReference; lastKnownFileType = file.xib; path = C2AL1ViewController.xib; sourceTree = "<group>"; };
		4C3E719C1F78FB7B003F5AE2 /* VLButton.h */ = {isa = PBXFileReference; fileEncoding = 4; lastKnownFileType = sourcecode.c.h; path = VLButton.h; sourceTree = "<group>"; };
		4C3E719D1F78FB7B003F5AE2 /* VLButton.m */ = {isa = PBXFileReference; fileEncoding = 4; lastKnownFileType = sourcecode.c.objc; path = VLButton.m; sourceTree = "<group>"; };
		4C3E71A11F78FB87003F5AE2 /* HelloOpenCVViewController.h */ = {isa = PBXFileReference; fileEncoding = 4; lastKnownFileType = sourcecode.c.h; path = HelloOpenCVViewController.h; sourceTree = "<group>"; };
		4C3E71A21F78FB87003F5AE2 /* HelloOpenCVViewController.mm */ = {isa = PBXFileReference; fileEncoding = 4; lastKnownFileType = sourcecode.cpp.objcpp; path = HelloOpenCVViewController.mm; sourceTree = "<group>"; };
		4C3E71A31F78FB87003F5AE2 /* HelloOpenCVViewController.xib */ = {isa = PBXFileReference; fileEncoding = 4; lastKnownFileType = file.xib; path = HelloOpenCVViewController.xib; sourceTree = "<group>"; };
		4C3E71A81F78FBA8003F5AE2 /* opencv2.framework */ = {isa = PBXFileReference; lastKnownFileType = wrapper.framework; path = opencv2.framework; sourceTree = "<group>"; };
		4C3E71AE1F78FC14003F5AE2 /* MainViewController.h */ = {isa = PBXFileReference; fileEncoding = 4; lastKnownFileType = sourcecode.c.h; path = MainViewController.h; sourceTree = "<group>"; };
		4C3E71AF1F78FC14003F5AE2 /* MainViewController.m */ = {isa = PBXFileReference; fileEncoding = 4; lastKnownFileType = sourcecode.c.objc; path = MainViewController.m; sourceTree = "<group>"; };
		4C3E71B21F7937D9003F5AE2 /* music_256.png */ = {isa = PBXFileReference; lastKnownFileType = image.png; path = music_256.png; sourceTree = "<group>"; };
		4C3E71B41F7937ED003F5AE2 /* sunset_256.png */ = {isa = PBXFileReference; lastKnownFileType = image.png; path = sunset_256.png; sourceTree = "<group>"; };
		4C7C135C1F977C450032628E /* C2BL1ViewController.h */ = {isa = PBXFileReference; lastKnownFileType = sourcecode.c.h; path = C2BL1ViewController.h; sourceTree = "<group>"; };
		4C7C135D1F977C450032628E /* C2BL1ViewController.mm */ = {isa = PBXFileReference; lastKnownFileType = sourcecode.cpp.objcpp; path = C2BL1ViewController.mm; sourceTree = "<group>"; };
		4C7C135E1F977C450032628E /* C2BL1ViewController.xib */ = {isa = PBXFileReference; lastKnownFileType = file.xib; path = C2BL1ViewController.xib; sourceTree = "<group>"; };
		4C7C13651F9780C20032628E /* VLDrawObject.h */ = {isa = PBXFileReference; lastKnownFileType = sourcecode.c.h; path = VLDrawObject.h; sourceTree = "<group>"; };
		4C7C13661F9780C20032628E /* VLDrawObject.m */ = {isa = PBXFileReference; lastKnownFileType = sourcecode.c.objc; path = VLDrawObject.m; sourceTree = "<group>"; };
		4C7C13681F9780EA0032628E /* VLDrawView.h */ = {isa = PBXFileReference; lastKnownFileType = sourcecode.c.h; path = VLDrawView.h; sourceTree = "<group>"; };
		4C7C13691F9780EA0032628E /* VLDrawView.m */ = {isa = PBXFileReference; lastKnownFileType = sourcecode.c.objc; path = VLDrawView.m; sourceTree = "<group>"; };
		4C7C136C1F9785420032628E /* VLLine.h */ = {isa = PBXFileReference; lastKnownFileType = sourcecode.c.h; path = VLLine.h; sourceTree = "<group>"; };
		4C7C136D1F9785420032628E /* VLLine.m */ = {isa = PBXFileReference; lastKnownFileType = sourcecode.c.objc; path = VLLine.m; sourceTree = "<group>"; };
		4C7C136F1F9789430032628E /* VLRectangle.h */ = {isa = PBXFileReference; lastKnownFileType = sourcecode.c.h; path = VLRectangle.h; sourceTree = "<group>"; };
		4C7C13701F9789430032628E /* VLRectangle.m */ = {isa = PBXFileReference; lastKnownFileType = sourcecode.c.objc; path = VLRectangle.m; sourceTree = "<group>"; };
		4C7C13721F978A950032628E /* VLCircle.h */ = {isa = PBXFileReference; lastKnownFileType = sourcecode.c.h; path = VLCircle.h; sourceTree = "<group>"; };
		4C7C13731F978A950032628E /* VLCircle.m */ = {isa = PBXFileReference; lastKnownFileType = sourcecode.c.objc; path = VLCircle.m; sourceTree = "<group>"; };
		4C7C13751F9793350032628E /* simple_shapes_512.png */ = {isa = PBXFileReference; lastKnownFileType = image.png; path = simple_shapes_512.png; sourceTree = "<group>"; };
		4C7C13771F9797D20032628E /* hough_line_test.png */ = {isa = PBXFileReference; lastKnownFileType = image.png; path = hough_line_test.png; sourceTree = "<group>"; };
		4C8D0BDF1F9507C000697A47 /* toy_2048.jpg */ = {isa = PBXFileReference; lastKnownFileType = image.jpeg; path = toy_2048.jpg; sourceTree = "<group>"; };
		4C8D0BE01F9507C000697A47 /* inhouse_512.jpg */ = {isa = PBXFileReference; lastKnownFileType = image.jpeg; path = inhouse_512.jpg; sourceTree = "<group>"; };
		4C8D0BE11F9507C100697A47 /* house_1024.jpg */ = {isa = PBXFileReference; lastKnownFileType = image.jpeg; path = house_1024.jpg; sourceTree = "<group>"; };
/* End PBXFileReference section */

/* Begin PBXFrameworksBuildPhase section */
		4C289E801F754DCE00E153B8 /* Frameworks */ = {
			isa = PBXFrameworksBuildPhase;
			buildActionMask = 2147483647;
			files = (
				4C3E71AB1F78FBA8003F5AE2 /* opencv2.framework in Frameworks */,
			);
			runOnlyForDeploymentPostprocessing = 0;
		};
/* End PBXFrameworksBuildPhase section */

/* Begin PBXGroup section */
		4C289E7A1F754DCE00E153B8 = {
			isa = PBXGroup;
			children = (
				4C3E71A71F78FBA8003F5AE2 /* Frameworks */,
				4C289E851F754DCE00E153B8 /* VisionLAB */,
				4C289E841F754DCE00E153B8 /* Products */,
			);
			sourceTree = "<group>";
		};
		4C289E841F754DCE00E153B8 /* Products */ = {
			isa = PBXGroup;
			children = (
				4C289E831F754DCE00E153B8 /* VisionLAB.app */,
			);
			name = Products;
			sourceTree = "<group>";
		};
		4C289E851F754DCE00E153B8 /* VisionLAB */ = {
			isa = PBXGroup;
			children = (
				4C3E71991F78FB7B003F5AE2 /* Common */,
				4C3DF2EB1F96644F007F6986 /* Courses */,
				4C3E71B11F7937BE003F5AE2 /* Resources */,
				4C3E71A01F78FB87003F5AE2 /* ViewControllers */,
				4C3E71AE1F78FC14003F5AE2 /* MainViewController.h */,
				4C3E71AF1F78FC14003F5AE2 /* MainViewController.m */,
				4C289E891F754DCE00E153B8 /* AppDelegate.h */,
				4C289E8A1F754DCE00E153B8 /* AppDelegate.m */,
				4C289E8F1F754DCE00E153B8 /* Main.storyboard */,
				4C289E921F754DCE00E153B8 /* Assets.xcassets */,
				4C289E941F754DCE00E153B8 /* LaunchScreen.storyboard */,
				4C289E971F754DCE00E153B8 /* Info.plist */,
				4C289E861F754DCE00E153B8 /* Supporting Files */,
			);
			path = VisionLAB;
			sourceTree = "<group>";
		};
		4C289E861F754DCE00E153B8 /* Supporting Files */ = {
			isa = PBXGroup;
			children = (
				4C289E871F754DCE00E153B8 /* main.m */,
			);
			name = "Supporting Files";
			sourceTree = "<group>";
		};
		4C3DF2EB1F96644F007F6986 /* Courses */ = {
			isa = PBXGroup;
			children = (
				4C3DF2F21F9667A8007F6986 /* Section2 */,
				4C3DF2EC1F966527007F6986 /* CourseListViewController.h */,
				4C3DF2ED1F966527007F6986 /* CourseListViewController.m */,
				4C3DF2F01F966544007F6986 /* Course.storyboard */,
			);
			path = Courses;
			sourceTree = "<group>";
		};
		4C3DF2F21F9667A8007F6986 /* Section2 */ = {
			isa = PBXGroup;
			children = (
				4C3DF2F81F966DAE007F6986 /* C2AL1ViewController.h */,
				4C3DF2F91F966DAE007F6986 /* C2AL1ViewController.mm */,
				4C3DF2FA1F966DAE007F6986 /* C2AL1ViewController.xib */,
				4C7C135C1F977C450032628E /* C2BL1ViewController.h */,
				4C7C135D1F977C450032628E /* C2BL1ViewController.mm */,
				4C7C135E1F977C450032628E /* C2BL1ViewController.xib */,
			);
			path = Section2;
			sourceTree = "<group>";
		};
		4C3E71991F78FB7B003F5AE2 /* Common */ = {
			isa = PBXGroup;
			children = (
				4C7C13611F97805D0032628E /* VLGraphicTool */,
				4C2A13D91F9246B300C1D4B2 /* LabUtils.h */,
				4C2A13DA1F9246B300C1D4B2 /* LabUtils.m */,
				4C3E719C1F78FB7B003F5AE2 /* VLButton.h */,
				4C3E719D1F78FB7B003F5AE2 /* VLButton.m */,
			);
			path = Common;
			sourceTree = "<group>";
		};
		4C3E71A01F78FB87003F5AE2 /* ViewControllers */ = {
			isa = PBXGroup;
			children = (
				4C3E71A11F78FB87003F5AE2 /* HelloOpenCVViewController.h */,
				4C3E71A21F78FB87003F5AE2 /* HelloOpenCVViewController.mm */,
				4C3E71A31F78FB87003F5AE2 /* HelloOpenCVViewController.xib */,
				4C2A13DC1F9249D500C1D4B2 /* EdgeDetectionViewController.h */,
				4C2A13DD1F9249D500C1D4B2 /* EdgeDetectionViewController.mm */,
				4C2A13D61F9245D100C1D4B2 /* EdgeDetectionViewController.xib */,
			);
			path = ViewControllers;
			sourceTree = "<group>";
		};
		4C3E71A71F78FBA8003F5AE2 /* Frameworks */ = {
			isa = PBXGroup;
			children = (
				4C3E71A81F78FBA8003F5AE2 /* opencv2.framework */,
			);
			path = Frameworks;
			sourceTree = "<group>";
		};
		4C3E71B11F7937BE003F5AE2 /* Resources */ = {
			isa = PBXGroup;
			children = (
				4C7C13771F9797D20032628E /* hough_line_test.png */,
				4C7C13751F9793350032628E /* simple_shapes_512.png */,
				4C8D0BDF1F9507C000697A47 /* toy_2048.jpg */,
				4C8D0BE11F9507C100697A47 /* house_1024.jpg */,
				4C8D0BE01F9507C000697A47 /* inhouse_512.jpg */,
				4C3E71B41F7937ED003F5AE2 /* sunset_256.png */,
				4C3E71B21F7937D9003F5AE2 /* music_256.png */,
			);
			path = Resources;
			sourceTree = "<group>";
		};
		4C7C13611F97805D0032628E /* VLGraphicTool */ = {
			isa = PBXGroup;
			children = (
				4C7C136B1F9781010032628E /* DrawObjects */,
				4C7C13681F9780EA0032628E /* VLDrawView.h */,
				4C7C13691F9780EA0032628E /* VLDrawView.m */,
			);
			path = VLGraphicTool;
			sourceTree = "<group>";
		};
		4C7C136B1F9781010032628E /* DrawObjects */ = {
			isa = PBXGroup;
			children = (
				4C7C13651F9780C20032628E /* VLDrawObject.h */,
				4C7C13661F9780C20032628E /* VLDrawObject.m */,
				4C7C136C1F9785420032628E /* VLLine.h */,
				4C7C136D1F9785420032628E /* VLLine.m */,
				4C7C136F1F9789430032628E /* VLRectangle.h */,
				4C7C13701F9789430032628E /* VLRectangle.m */,
				4C7C13721F978A950032628E /* VLCircle.h */,
				4C7C13731F978A950032628E /* VLCircle.m */,
			);
			path = DrawObjects;
			sourceTree = "<group>";
		};
/* End PBXGroup section */

/* Begin PBXNativeTarget section */
		4C289E821F754DCE00E153B8 /* VisionLAB */ = {
			isa = PBXNativeTarget;
			buildConfigurationList = 4C289E9A1F754DCE00E153B8 /* Build configuration list for PBXNativeTarget "VisionLAB" */;
			buildPhases = (
				4C289E7F1F754DCE00E153B8 /* Sources */,
				4C289E801F754DCE00E153B8 /* Frameworks */,
				4C289E811F754DCE00E153B8 /* Resources */,
			);
			buildRules = (
			);
			dependencies = (
			);
			name = VisionLAB;
			productName = VisionLAB;
			productReference = 4C289E831F754DCE00E153B8 /* VisionLAB.app */;
			productType = "com.apple.product-type.application";
		};
/* End PBXNativeTarget section */

/* Begin PBXProject section */
		4C289E7B1F754DCE00E153B8 /* Project object */ = {
			isa = PBXProject;
			attributes = {
				LastUpgradeCheck = 0830;
				ORGANIZATIONNAME = Bychance;
				TargetAttributes = {
					4C289E821F754DCE00E153B8 = {
						CreatedOnToolsVersion = 8.3.3;
						DevelopmentTeam = J3RC3896Q4;
						ProvisioningStyle = Manual;
					};
				};
			};
			buildConfigurationList = 4C289E7E1F754DCE00E153B8 /* Build configuration list for PBXProject "VisionLAB" */;
			compatibilityVersion = "Xcode 3.2";
			developmentRegion = English;
			hasScannedForEncodings = 0;
			knownRegions = (
				en,
				Base,
			);
			mainGroup = 4C289E7A1F754DCE00E153B8;
			productRefGroup = 4C289E841F754DCE00E153B8 /* Products */;
			projectDirPath = "";
			projectRoot = "";
			targets = (
				4C289E821F754DCE00E153B8 /* VisionLAB */,
			);
		};
/* End PBXProject section */

/* Begin PBXResourcesBuildPhase section */
		4C289E811F754DCE00E153B8 /* Resources */ = {
			isa = PBXResourcesBuildPhase;
			buildActionMask = 2147483647;
			files = (
				4C2A13D81F9245D100C1D4B2 /* EdgeDetectionViewController.xib in Resources */,
				4C8D0BE31F95083300697A47 /* house_1024.jpg in Resources */,
				4C7C13761F97935E0032628E /* simple_shapes_512.png in Resources */,
				4C3E71A51F78FB87003F5AE2 /* HelloOpenCVViewController.xib in Resources */,
				4C3E71B31F7937D9003F5AE2 /* music_256.png in Resources */,
				4C8D0BE41F95083300697A47 /* inhouse_512.jpg in Resources */,
				4C3E71B51F7937ED003F5AE2 /* sunset_256.png in Resources */,
				4C3DF2F11F966544007F6986 /* Course.storyboard in Resources */,
				4C8D0BE21F95083300697A47 /* toy_2048.jpg in Resources */,
				4C7C13601F977C450032628E /* C2BL1ViewController.xib in Resources */,
				4C289E961F754DCE00E153B8 /* LaunchScreen.storyboard in Resources */,
				4C7C13781F9797D80032628E /* hough_line_test.png in Resources */,
				4C289E931F754DCE00E153B8 /* Assets.xcassets in Resources */,
				4C3DF2FC1F966DAE007F6986 /* C2AL1ViewController.xib in Resources */,
				4C289E911F754DCE00E153B8 /* Main.storyboard in Resources */,
			);
			runOnlyForDeploymentPostprocessing = 0;
		};
/* End PBXResourcesBuildPhase section */

/* Begin PBXSourcesBuildPhase section */
		4C289E7F1F754DCE00E153B8 /* Sources */ = {
			isa = PBXSourcesBuildPhase;
			buildActionMask = 2147483647;
			files = (
				4C3E71A41F78FB87003F5AE2 /* HelloOpenCVViewController.mm in Sources */,
				4C3DF2EE1F966527007F6986 /* CourseListViewController.m in Sources */,
				4C2A13DE1F9249D500C1D4B2 /* EdgeDetectionViewController.mm in Sources */,
				4C7C13671F9780C20032628E /* VLDrawObject.m in Sources */,
				4C7C136E1F9785420032628E /* VLLine.m in Sources */,
				4C7C135F1F977C450032628E /* C2BL1ViewController.mm in Sources */,
				4C289E8B1F754DCE00E153B8 /* AppDelegate.m in Sources */,
				4C7C136A1F9780EA0032628E /* VLDrawView.m in Sources */,
				4C7C13741F978A950032628E /* VLCircle.m in Sources */,
				4C3E71B01F78FC14003F5AE2 /* MainViewController.m in Sources */,
				4C3E719F1F78FB7B003F5AE2 /* VLButton.m in Sources */,
				4C3DF2FB1F966DAE007F6986 /* C2AL1ViewController.mm in Sources */,
				4C7C13711F9789430032628E /* VLRectangle.m in Sources */,
				4C2A13DB1F9246B300C1D4B2 /* LabUtils.m in Sources */,
				4C289E881F754DCE00E153B8 /* main.m in Sources */,
			);
			runOnlyForDeploymentPostprocessing = 0;
		};
/* End PBXSourcesBuildPhase section */

/* Begin PBXVariantGroup section */
		4C289E8F1F754DCE00E153B8 /* Main.storyboard */ = {
			isa = PBXVariantGroup;
			children = (
				4C289E901F754DCE00E153B8 /* Base */,
			);
			name = Main.storyboard;
			sourceTree = "<group>";
		};
		4C289E941F754DCE00E153B8 /* LaunchScreen.storyboard */ = {
			isa = PBXVariantGroup;
			children = (
				4C289E951F754DCE00E153B8 /* Base */,
			);
			name = LaunchScreen.storyboard;
			sourceTree = "<group>";
		};
/* End PBXVariantGroup section */

/* Begin XCBuildConfiguration section */
		4C289E981F754DCE00E153B8 /* Debug */ = {
			isa = XCBuildConfiguration;
			buildSettings = {
				ALWAYS_SEARCH_USER_PATHS = NO;
				CLANG_ANALYZER_NONNULL = YES;
				CLANG_ANALYZER_NUMBER_OBJECT_CONVERSION = YES_AGGRESSIVE;
				CLANG_CXX_LANGUAGE_STANDARD = "gnu++0x";
				CLANG_CXX_LIBRARY = "libc++";
				CLANG_ENABLE_MODULES = YES;
				CLANG_ENABLE_OBJC_ARC = YES;
				CLANG_WARN_BOOL_CONVERSION = YES;
				CLANG_WARN_CONSTANT_CONVERSION = YES;
				CLANG_WARN_DIRECT_OBJC_ISA_USAGE = YES_ERROR;
				CLANG_WARN_DOCUMENTATION_COMMENTS = YES;
				CLANG_WARN_EMPTY_BODY = YES;
				CLANG_WARN_ENUM_CONVERSION = YES;
				CLANG_WARN_INFINITE_RECURSION = YES;
				CLANG_WARN_INT_CONVERSION = YES;
				CLANG_WARN_OBJC_ROOT_CLASS = YES_ERROR;
				CLANG_WARN_SUSPICIOUS_MOVE = YES;
				CLANG_WARN_UNREACHABLE_CODE = YES;
				CLANG_WARN__DUPLICATE_METHOD_MATCH = YES;
				"CODE_SIGN_IDENTITY[sdk=iphoneos*]" = "iPhone Developer";
				COPY_PHASE_STRIP = NO;
				DEBUG_INFORMATION_FORMAT = dwarf;
				ENABLE_STRICT_OBJC_MSGSEND = YES;
				ENABLE_TESTABILITY = YES;
				GCC_C_LANGUAGE_STANDARD = gnu99;
				GCC_DYNAMIC_NO_PIC = NO;
				GCC_NO_COMMON_BLOCKS = YES;
				GCC_OPTIMIZATION_LEVEL = 0;
				GCC_PREPROCESSOR_DEFINITIONS = (
					"DEBUG=1",
					"$(inherited)",
				);
				GCC_WARN_64_TO_32_BIT_CONVERSION = YES;
				GCC_WARN_ABOUT_RETURN_TYPE = YES_ERROR;
				GCC_WARN_UNDECLARED_SELECTOR = YES;
				GCC_WARN_UNINITIALIZED_AUTOS = YES_AGGRESSIVE;
				GCC_WARN_UNUSED_FUNCTION = YES;
				GCC_WARN_UNUSED_VARIABLE = YES;
				IPHONEOS_DEPLOYMENT_TARGET = 10.3;
				MTL_ENABLE_DEBUG_INFO = YES;
				ONLY_ACTIVE_ARCH = YES;
				SDKROOT = iphoneos;
			};
			name = Debug;
		};
		4C289E991F754DCE00E153B8 /* Release */ = {
			isa = XCBuildConfiguration;
			buildSettings = {
				ALWAYS_SEARCH_USER_PATHS = NO;
				CLANG_ANALYZER_NONNULL = YES;
				CLANG_ANALYZER_NUMBER_OBJECT_CONVERSION = YES_AGGRESSIVE;
				CLANG_CXX_LANGUAGE_STANDARD = "gnu++0x";
				CLANG_CXX_LIBRARY = "libc++";
				CLANG_ENABLE_MODULES = YES;
				CLANG_ENABLE_OBJC_ARC = YES;
				CLANG_WARN_BOOL_CONVERSION = YES;
				CLANG_WARN_CONSTANT_CONVERSION = YES;
				CLANG_WARN_DIRECT_OBJC_ISA_USAGE = YES_ERROR;
				CLANG_WARN_DOCUMENTATION_COMMENTS = YES;
				CLANG_WARN_EMPTY_BODY = YES;
				CLANG_WARN_ENUM_CONVERSION = YES;
				CLANG_WARN_INFINITE_RECURSION = YES;
				CLANG_WARN_INT_CONVERSION = YES;
				CLANG_WARN_OBJC_ROOT_CLASS = YES_ERROR;
				CLANG_WARN_SUSPICIOUS_MOVE = YES;
				CLANG_WARN_UNREACHABLE_CODE = YES;
				CLANG_WARN__DUPLICATE_METHOD_MATCH = YES;
				"CODE_SIGN_IDENTITY[sdk=iphoneos*]" = "iPhone Developer";
				COPY_PHASE_STRIP = NO;
				DEBUG_INFORMATION_FORMAT = "dwarf-with-dsym";
				ENABLE_NS_ASSERTIONS = NO;
				ENABLE_STRICT_OBJC_MSGSEND = YES;
				GCC_C_LANGUAGE_STANDARD = gnu99;
				GCC_NO_COMMON_BLOCKS = YES;
				GCC_WARN_64_TO_32_BIT_CONVERSION = YES;
				GCC_WARN_ABOUT_RETURN_TYPE = YES_ERROR;
				GCC_WARN_UNDECLARED_SELECTOR = YES;
				GCC_WARN_UNINITIALIZED_AUTOS = YES_AGGRESSIVE;
				GCC_WARN_UNUSED_FUNCTION = YES;
				GCC_WARN_UNUSED_VARIABLE = YES;
				IPHONEOS_DEPLOYMENT_TARGET = 10.3;
				MTL_ENABLE_DEBUG_INFO = NO;
				SDKROOT = iphoneos;
				VALIDATE_PRODUCT = YES;
			};
			name = Release;
		};
		4C289E9B1F754DCE00E153B8 /* Debug */ = {
			isa = XCBuildConfiguration;
			buildSettings = {
				ASSETCATALOG_COMPILER_APPICON_NAME = AppIcon;
				DEVELOPMENT_TEAM = J3RC3896Q4;
				FRAMEWORK_SEARCH_PATHS = (
					"$(inherited)",
					"$(PROJECT_DIR)/Frameworks",
				);
				INFOPLIST_FILE = VisionLAB/Info.plist;
				IPHONEOS_DEPLOYMENT_TARGET = 8.0;
				LD_RUNPATH_SEARCH_PATHS = "$(inherited) @executable_path/Frameworks";
				PRODUCT_BUNDLE_IDENTIFIER = com.bychance.VisionLAB;
				PRODUCT_NAME = "$(TARGET_NAME)";
				PROVISIONING_PROFILE = "5af027da-ed90-4945-b67e-6f5c36005c12";
				PROVISIONING_PROFILE_SPECIFIER = UniversalDevProfile;
			};
			name = Debug;
		};
		4C289E9C1F754DCE00E153B8 /* Release */ = {
			isa = XCBuildConfiguration;
			buildSettings = {
				ASSETCATALOG_COMPILER_APPICON_NAME = AppIcon;
				DEVELOPMENT_TEAM = J3RC3896Q4;
				FRAMEWORK_SEARCH_PATHS = (
					"$(inherited)",
					"$(PROJECT_DIR)/Frameworks",
				);
				INFOPLIST_FILE = VisionLAB/Info.plist;
				IPHONEOS_DEPLOYMENT_TARGET = 8.0;
				LD_RUNPATH_SEARCH_PATHS = "$(inherited) @executable_path/Frameworks";
				PRODUCT_BUNDLE_IDENTIFIER = com.bychance.VisionLAB;
				PRODUCT_NAME = "$(TARGET_NAME)";
				PROVISIONING_PROFILE = "5af027da-ed90-4945-b67e-6f5c36005c12";
				PROVISIONING_PROFILE_SPECIFIER = UniversalDevProfile;
			};
			name = Release;
		};
/* End XCBuildConfiguration section */

/* Begin XCConfigurationList section */
		4C289E7E1F754DCE00E153B8 /* Build configuration list for PBXProject "VisionLAB" */ = {
			isa = XCConfigurationList;
			buildConfigurations = (
				4C289E981F754DCE00E153B8 /* Debug */,
				4C289E991F754DCE00E153B8 /* Release */,
			);
			defaultConfigurationIsVisible = 0;
			defaultConfigurationName = Release;
		};
		4C289E9A1F754DCE00E153B8 /* Build configuration list for PBXNativeTarget "VisionLAB" */ = {
			isa = XCConfigurationList;
			buildConfigurations = (
				4C289E9B1F754DCE00E153B8 /* Debug */,
				4C289E9C1F754DCE00E153B8 /* Release */,
			);
			defaultConfigurationIsVisible = 0;
			defaultConfigurationName = Release;
		};
/* End XCConfigurationList section */
	};
	rootObject = 4C289E7B1F754DCE00E153B8 /* Project object */;
}
