// !$*UTF8*$!
{
	archiveVersion = 1;
	classes = {
	};
	objectVersion = 46;
	objects = {

/* Begin PBXBuildFile section */
		4C289E881F754DCE00E153B8 /* main.m in Sources */ = {isa = PBXBuildFile; fileRef = 4C289E871F754DCE00E153B8 /* main.m */; };
		4C289E8B1F754DCE00E153B8 /* AppDelegate.m in Sources */ = {isa = PBXBuildFile; fileRef = 4C289E8A1F754DCE00E153B8 /* AppDelegate.m */; };
		4C289E911F754DCE00E153B8 /* Main.storyboard in Resources */ = {isa = PBXBuildFile; fileRef = 4C289E8F1F754DCE00E153B8 /* Main.storyboard */; };
		4C289E931F754DCE00E153B8 /* Assets.xcassets in Resources */ = {isa = PBXBuildFile; fileRef = 4C289E921F754DCE00E153B8 /* Assets.xcassets */; };
		4C289E961F754DCE00E153B8 /* LaunchScreen.storyboard in Resources */ = {isa = PBXBuildFile; fileRef = 4C289E941F754DCE00E153B8 /* LaunchScreen.storyboard */; };
		4C3E719E1F78FB7B003F5AE2 /* UIUtility.m in Sources */ = {isa = PBXBuildFile; fileRef = 4C3E719B1F78FB7B003F5AE2 /* UIUtility.m */; };
		4C3E719F1F78FB7B003F5AE2 /* VLButton.m in Sources */ = {isa = PBXBuildFile; fileRef = 4C3E719D1F78FB7B003F5AE2 /* VLButton.m */; };
		4C3E71A41F78FB87003F5AE2 /* HelloOpenCVViewController.mm in Sources */ = {isa = PBXBuildFile; fileRef = 4C3E71A21F78FB87003F5AE2 /* HelloOpenCVViewController.mm */; };
		4C3E71A51F78FB87003F5AE2 /* HelloOpenCVViewController.xib in Resources */ = {isa = PBXBuildFile; fileRef = 4C3E71A31F78FB87003F5AE2 /* HelloOpenCVViewController.xib */; };
		4C3E71AB1F78FBA8003F5AE2 /* opencv2.framework in Frameworks */ = {isa = PBXBuildFile; fileRef = 4C3E71A81F78FBA8003F5AE2 /* opencv2.framework */; };
		4C3E71B01F78FC14003F5AE2 /* MainViewController.m in Sources */ = {isa = PBXBuildFile; fileRef = 4C3E71AF1F78FC14003F5AE2 /* MainViewController.m */; };
		4C3E71B31F7937D9003F5AE2 /* avatar.png in Resources */ = {isa = PBXBuildFile; fileRef = 4C3E71B21F7937D9003F5AE2 /* avatar.png */; };
		4C3E71B51F7937ED003F5AE2 /* sunset.png in Resources */ = {isa = PBXBuildFile; fileRef = 4C3E71B41F7937ED003F5AE2 /* sunset.png */; };
/* End PBXBuildFile section */

/* Begin PBXFileReference section */
		4C289E831F754DCE00E153B8 /* VisionLAB.app */ = {isa = PBXFileReference; explicitFileType = wrapper.application; includeInIndex = 0; path = VisionLAB.app; sourceTree = BUILT_PRODUCTS_DIR; };
		4C289E871F754DCE00E153B8 /* main.m */ = {isa = PBXFileReference; lastKnownFileType = sourcecode.c.objc; path = main.m; sourceTree = "<group>"; };
		4C289E891F754DCE00E153B8 /* AppDelegate.h */ = {isa = PBXFileReference; lastKnownFileType = sourcecode.c.h; path = AppDelegate.h; sourceTree = "<group>"; };
		4C289E8A1F754DCE00E153B8 /* AppDelegate.m */ = {isa = PBXFileReference; lastKnownFileType = sourcecode.c.objc; path = AppDelegate.m; sourceTree = "<group>"; };
		4C289E901F754DCE00E153B8 /* Base */ = {isa = PBXFileReference; lastKnownFileType = file.storyboard; name = Base; path = Base.lproj/Main.storyboard; sourceTree = "<group>"; };
		4C289E921F754DCE00E153B8 /* Assets.xcassets */ = {isa = PBXFileReference; lastKnownFileType = folder.assetcatalog; path = Assets.xcassets; sourceTree = "<group>"; };
		4C289E951F754DCE00E153B8 /* Base */ = {isa = PBXFileReference; lastKnownFileType = file.storyboard; name = Base; path = Base.lproj/LaunchScreen.storyboard; sourceTree = "<group>"; };
		4C289E971F754DCE00E153B8 /* Info.plist */ = {isa = PBXFileReference; lastKnownFileType = text.plist.xml; path = Info.plist; sourceTree = "<group>"; };
		4C3E719A1F78FB7B003F5AE2 /* UIUtility.h */ = {isa = PBXFileReference; fileEncoding = 4; lastKnownFileType = sourcecode.c.h; path = UIUtility.h; sourceTree = "<group>"; };
		4C3E719B1F78FB7B003F5AE2 /* UIUtility.m */ = {isa = PBXFileReference; fileEncoding = 4; lastKnownFileType = sourcecode.c.objc; path = UIUtility.m; sourceTree = "<group>"; };
		4C3E719C1F78FB7B003F5AE2 /* VLButton.h */ = {isa = PBXFileReference; fileEncoding = 4; lastKnownFileType = sourcecode.c.h; path = VLButton.h; sourceTree = "<group>"; };
		4C3E719D1F78FB7B003F5AE2 /* VLButton.m */ = {isa = PBXFileReference; fileEncoding = 4; lastKnownFileType = sourcecode.c.objc; path = VLButton.m; sourceTree = "<group>"; };
		4C3E71A11F78FB87003F5AE2 /* HelloOpenCVViewController.h */ = {isa = PBXFileReference; fileEncoding = 4; lastKnownFileType = sourcecode.c.h; path = HelloOpenCVViewController.h; sourceTree = "<group>"; };
		4C3E71A21F78FB87003F5AE2 /* HelloOpenCVViewController.mm */ = {isa = PBXFileReference; fileEncoding = 4; lastKnownFileType = sourcecode.cpp.objcpp; path = HelloOpenCVViewController.mm; sourceTree = "<group>"; };
		4C3E71A31F78FB87003F5AE2 /* HelloOpenCVViewController.xib */ = {isa = PBXFileReference; fileEncoding = 4; lastKnownFileType = file.xib; path = HelloOpenCVViewController.xib; sourceTree = "<group>"; };
		4C3E71A81F78FBA8003F5AE2 /* opencv2.framework */ = {isa = PBXFileReference; lastKnownFileType = wrapper.framework; path = opencv2.framework; sourceTree = "<group>"; };
		4C3E71AE1F78FC14003F5AE2 /* MainViewController.h */ = {isa = PBXFileReference; fileEncoding = 4; lastKnownFileType = sourcecode.c.h; path = MainViewController.h; sourceTree = "<group>"; };
		4C3E71AF1F78FC14003F5AE2 /* MainViewController.m */ = {isa = PBXFileReference; fileEncoding = 4; lastKnownFileType = sourcecode.c.objc; path = MainViewController.m; sourceTree = "<group>"; };
		4C3E71B21F7937D9003F5AE2 /* avatar.png */ = {isa = PBXFileReference; lastKnownFileType = image.png; path = avatar.png; sourceTree = "<group>"; };
		4C3E71B41F7937ED003F5AE2 /* sunset.png */ = {isa = PBXFileReference; lastKnownFileType = image.png; path = sunset.png; sourceTree = "<group>"; };
/* End PBXFileReference section */

/* Begin PBXFrameworksBuildPhase section */
		4C289E801F754DCE00E153B8 /* Frameworks */ = {
			isa = PBXFrameworksBuildPhase;
			buildActionMask = 2147483647;
			files = (
				4C3E71AB1F78FBA8003F5AE2 /* opencv2.framework in Frameworks */,
			);
			runOnlyForDeploymentPostprocessing = 0;
		};
/* End PBXFrameworksBuildPhase section */

/* Begin PBXGroup section */
		4C289E7A1F754DCE00E153B8 = {
			isa = PBXGroup;
			children = (
				4C3E71A71F78FBA8003F5AE2 /* Frameworks */,
				4C289E851F754DCE00E153B8 /* VisionLAB */,
				4C289E841F754DCE00E153B8 /* Products */,
			);
			sourceTree = "<group>";
		};
		4C289E841F754DCE00E153B8 /* Products */ = {
			isa = PBXGroup;
			children = (
				4C289E831F754DCE00E153B8 /* VisionLAB.app */,
			);
			name = Products;
			sourceTree = "<group>";
		};
		4C289E851F754DCE00E153B8 /* VisionLAB */ = {
			isa = PBXGroup;
			children = (
				4C3E71B11F7937BE003F5AE2 /* Resources */,
				4C3E71991F78FB7B003F5AE2 /* Common */,
				4C3E71A01F78FB87003F5AE2 /* ViewControllers */,
				4C3E71AE1F78FC14003F5AE2 /* MainViewController.h */,
				4C3E71AF1F78FC14003F5AE2 /* MainViewController.m */,
				4C289E891F754DCE00E153B8 /* AppDelegate.h */,
				4C289E8A1F754DCE00E153B8 /* AppDelegate.m */,
				4C289E8F1F754DCE00E153B8 /* Main.storyboard */,
				4C289E921F754DCE00E153B8 /* Assets.xcassets */,
				4C289E941F754DCE00E153B8 /* LaunchScreen.storyboard */,
				4C289E971F754DCE00E153B8 /* Info.plist */,
				4C289E861F754DCE00E153B8 /* Supporting Files */,
			);
			path = VisionLAB;
			sourceTree = "<group>";
		};
		4C289E861F754DCE00E153B8 /* Supporting Files */ = {
			isa = PBXGroup;
			children = (
				4C289E871F754DCE00E153B8 /* main.m */,
			);
			name = "Supporting Files";
			sourceTree = "<group>";
		};
		4C3E71991F78FB7B003F5AE2 /* Common */ = {
			isa = PBXGroup;
			children = (
				4C3E719A1F78FB7B003F5AE2 /* UIUtility.h */,
				4C3E719B1F78FB7B003F5AE2 /* UIUtility.m */,
				4C3E719C1F78FB7B003F5AE2 /* VLButton.h */,
				4C3E719D1F78FB7B003F5AE2 /* VLButton.m */,
			);
			path = Common;
			sourceTree = "<group>";
		};
		4C3E71A01F78FB87003F5AE2 /* ViewControllers */ = {
			isa = PBXGroup;
			children = (
				4C3E71A11F78FB87003F5AE2 /* HelloOpenCVViewController.h */,
				4C3E71A21F78FB87003F5AE2 /* HelloOpenCVViewController.mm */,
				4C3E71A31F78FB87003F5AE2 /* HelloOpenCVViewController.xib */,
			);
			path = ViewControllers;
			sourceTree = "<group>";
		};
		4C3E71A71F78FBA8003F5AE2 /* Frameworks */ = {
			isa = PBXGroup;
			children = (
				4C3E71A81F78FBA8003F5AE2 /* opencv2.framework */,
			);
			path = Frameworks;
			sourceTree = "<group>";
		};
		4C3E71B11F7937BE003F5AE2 /* Resources */ = {
			isa = PBXGroup;
			children = (
				4C3E71B41F7937ED003F5AE2 /* sunset.png */,
				4C3E71B21F7937D9003F5AE2 /* avatar.png */,
			);
			path = Resources;
			sourceTree = "<group>";
		};
/* End PBXGroup section */

/* Begin PBXNativeTarget section */
		4C289E821F754DCE00E153B8 /* VisionLAB */ = {
			isa = PBXNativeTarget;
			buildConfigurationList = 4C289E9A1F754DCE00E153B8 /* Build configuration list for PBXNativeTarget "VisionLAB" */;
			buildPhases = (
				4C289E7F1F754DCE00E153B8 /* Sources */,
				4C289E801F754DCE00E153B8 /* Frameworks */,
				4C289E811F754DCE00E153B8 /* Resources */,
			);
			buildRules = (
			);
			dependencies = (
			);
			name = VisionLAB;
			productName = VisionLAB;
			productReference = 4C289E831F754DCE00E153B8 /* VisionLAB.app */;
			productType = "com.apple.product-type.application";
		};
/* End PBXNativeTarget section */

/* Begin PBXProject section */
		4C289E7B1F754DCE00E153B8 /* Project object */ = {
			isa = PBXProject;
			attributes = {
				LastUpgradeCheck = 0830;
				ORGANIZATIONNAME = Bychance;
				TargetAttributes = {
					4C289E821F754DCE00E153B8 = {
						CreatedOnToolsVersion = 8.3.3;
						DevelopmentTeam = J3RC3896Q4;
						ProvisioningStyle = Manual;
					};
				};
			};
			buildConfigurationList = 4C289E7E1F754DCE00E153B8 /* Build configuration list for PBXProject "VisionLAB" */;
			compatibilityVersion = "Xcode 3.2";
			developmentRegion = English;
			hasScannedForEncodings = 0;
			knownRegions = (
				en,
				Base,
			);
			mainGroup = 4C289E7A1F754DCE00E153B8;
			productRefGroup = 4C289E841F754DCE00E153B8 /* Products */;
			projectDirPath = "";
			projectRoot = "";
			targets = (
				4C289E821F754DCE00E153B8 /* VisionLAB */,
			);
		};
/* End PBXProject section */

/* Begin PBXResourcesBuildPhase section */
		4C289E811F754DCE00E153B8 /* Resources */ = {
			isa = PBXResourcesBuildPhase;
			buildActionMask = 2147483647;
			files = (
				4C3E71A51F78FB87003F5AE2 /* HelloOpenCVViewController.xib in Resources */,
				4C3E71B31F7937D9003F5AE2 /* avatar.png in Resources */,
				4C3E71B51F7937ED003F5AE2 /* sunset.png in Resources */,
				4C289E961F754DCE00E153B8 /* LaunchScreen.storyboard in Resources */,
				4C289E931F754DCE00E153B8 /* Assets.xcassets in Resources */,
				4C289E911F754DCE00E153B8 /* Main.storyboard in Resources */,
			);
			runOnlyForDeploymentPostprocessing = 0;
		};
/* End PBXResourcesBuildPhase section */

/* Begin PBXSourcesBuildPhase section */
		4C289E7F1F754DCE00E153B8 /* Sources */ = {
			isa = PBXSourcesBuildPhase;
			buildActionMask = 2147483647;
			files = (
				4C3E719E1F78FB7B003F5AE2 /* UIUtility.m in Sources */,
				4C3E71A41F78FB87003F5AE2 /* HelloOpenCVViewController.mm in Sources */,
				4C289E8B1F754DCE00E153B8 /* AppDelegate.m in Sources */,
				4C3E71B01F78FC14003F5AE2 /* MainViewController.m in Sources */,
				4C3E719F1F78FB7B003F5AE2 /* VLButton.m in Sources */,
				4C289E881F754DCE00E153B8 /* main.m in Sources */,
			);
			runOnlyForDeploymentPostprocessing = 0;
		};
/* End PBXSourcesBuildPhase section */

/* Begin PBXVariantGroup section */
		4C289E8F1F754DCE00E153B8 /* Main.storyboard */ = {
			isa = PBXVariantGroup;
			children = (
				4C289E901F754DCE00E153B8 /* Base */,
			);
			name = Main.storyboard;
			sourceTree = "<group>";
		};
		4C289E941F754DCE00E153B8 /* LaunchScreen.storyboard */ = {
			isa = PBXVariantGroup;
			children = (
				4C289E951F754DCE00E153B8 /* Base */,
			);
			name = LaunchScreen.storyboard;
			sourceTree = "<group>";
		};
/* End PBXVariantGroup section */

/* Begin XCBuildConfiguration section */
		4C289E981F754DCE00E153B8 /* Debug */ = {
			isa = XCBuildConfiguration;
			buildSettings = {
				ALWAYS_SEARCH_USER_PATHS = NO;
				CLANG_ANALYZER_NONNULL = YES;
				CLANG_ANALYZER_NUMBER_OBJECT_CONVERSION = YES_AGGRESSIVE;
				CLANG_CXX_LANGUAGE_STANDARD = "gnu++0x";
				CLANG_CXX_LIBRARY = "libc++";
				CLANG_ENABLE_MODULES = YES;
				CLANG_ENABLE_OBJC_ARC = YES;
				CLANG_WARN_BOOL_CONVERSION = YES;
				CLANG_WARN_CONSTANT_CONVERSION = YES;
				CLANG_WARN_DIRECT_OBJC_ISA_USAGE = YES_ERROR;
				CLANG_WARN_DOCUMENTATION_COMMENTS = YES;
				CLANG_WARN_EMPTY_BODY = YES;
				CLANG_WARN_ENUM_CONVERSION = YES;
				CLANG_WARN_INFINITE_RECURSION = YES;
				CLANG_WARN_INT_CONVERSION = YES;
				CLANG_WARN_OBJC_ROOT_CLASS = YES_ERROR;
				CLANG_WARN_SUSPICIOUS_MOVE = YES;
				CLANG_WARN_UNREACHABLE_CODE = YES;
				CLANG_WARN__DUPLICATE_METHOD_MATCH = YES;
				"CODE_SIGN_IDENTITY[sdk=iphoneos*]" = "iPhone Developer";
				COPY_PHASE_STRIP = NO;
				DEBUG_INFORMATION_FORMAT = dwarf;
				ENABLE_STRICT_OBJC_MSGSEND = YES;
				ENABLE_TESTABILITY = YES;
				GCC_C_LANGUAGE_STANDARD = gnu99;
				GCC_DYNAMIC_NO_PIC = NO;
				GCC_NO_COMMON_BLOCKS = YES;
				GCC_OPTIMIZATION_LEVEL = 0;
				GCC_PREPROCESSOR_DEFINITIONS = (
					"DEBUG=1",
					"$(inherited)",
				);
				GCC_WARN_64_TO_32_BIT_CONVERSION = YES;
				GCC_WARN_ABOUT_RETURN_TYPE = YES_ERROR;
				GCC_WARN_UNDECLARED_SELECTOR = YES;
				GCC_WARN_UNINITIALIZED_AUTOS = YES_AGGRESSIVE;
				GCC_WARN_UNUSED_FUNCTION = YES;
				GCC_WARN_UNUSED_VARIABLE = YES;
				IPHONEOS_DEPLOYMENT_TARGET = 10.3;
				MTL_ENABLE_DEBUG_INFO = YES;
				ONLY_ACTIVE_ARCH = YES;
				SDKROOT = iphoneos;
			};
			name = Debug;
		};
		4C289E991F754DCE00E153B8 /* Release */ = {
			isa = XCBuildConfiguration;
			buildSettings = {
				ALWAYS_SEARCH_USER_PATHS = NO;
				CLANG_ANALYZER_NONNULL = YES;
				CLANG_ANALYZER_NUMBER_OBJECT_CONVERSION = YES_AGGRESSIVE;
				CLANG_CXX_LANGUAGE_STANDARD = "gnu++0x";
				CLANG_CXX_LIBRARY = "libc++";
				CLANG_ENABLE_MODULES = YES;
				CLANG_ENABLE_OBJC_ARC = YES;
				CLANG_WARN_BOOL_CONVERSION = YES;
				CLANG_WARN_CONSTANT_CONVERSION = YES;
				CLANG_WARN_DIRECT_OBJC_ISA_USAGE = YES_ERROR;
				CLANG_WARN_DOCUMENTATION_COMMENTS = YES;
				CLANG_WARN_EMPTY_BODY = YES;
				CLANG_WARN_ENUM_CONVERSION = YES;
				CLANG_WARN_INFINITE_RECURSION = YES;
				CLANG_WARN_INT_CONVERSION = YES;
				CLANG_WARN_OBJC_ROOT_CLASS = YES_ERROR;
				CLANG_WARN_SUSPICIOUS_MOVE = YES;
				CLANG_WARN_UNREACHABLE_CODE = YES;
				CLANG_WARN__DUPLICATE_METHOD_MATCH = YES;
				"CODE_SIGN_IDENTITY[sdk=iphoneos*]" = "iPhone Developer";
				COPY_PHASE_STRIP = NO;
				DEBUG_INFORMATION_FORMAT = "dwarf-with-dsym";
				ENABLE_NS_ASSERTIONS = NO;
				ENABLE_STRICT_OBJC_MSGSEND = YES;
				GCC_C_LANGUAGE_STANDARD = gnu99;
				GCC_NO_COMMON_BLOCKS = YES;
				GCC_WARN_64_TO_32_BIT_CONVERSION = YES;
				GCC_WARN_ABOUT_RETURN_TYPE = YES_ERROR;
				GCC_WARN_UNDECLARED_SELECTOR = YES;
				GCC_WARN_UNINITIALIZED_AUTOS = YES_AGGRESSIVE;
				GCC_WARN_UNUSED_FUNCTION = YES;
				GCC_WARN_UNUSED_VARIABLE = YES;
				IPHONEOS_DEPLOYMENT_TARGET = 10.3;
				MTL_ENABLE_DEBUG_INFO = NO;
				SDKROOT = iphoneos;
				VALIDATE_PRODUCT = YES;
			};
			name = Release;
		};
		4C289E9B1F754DCE00E153B8 /* Debug */ = {
			isa = XCBuildConfiguration;
			buildSettings = {
				ASSETCATALOG_COMPILER_APPICON_NAME = AppIcon;
				DEVELOPMENT_TEAM = J3RC3896Q4;
				FRAMEWORK_SEARCH_PATHS = (
					"$(inherited)",
					"$(PROJECT_DIR)/Frameworks",
				);
				INFOPLIST_FILE = VisionLAB/Info.plist;
				IPHONEOS_DEPLOYMENT_TARGET = 8.0;
				LD_RUNPATH_SEARCH_PATHS = "$(inherited) @executable_path/Frameworks";
				PRODUCT_BUNDLE_IDENTIFIER = com.bychance.VisionLAB;
				PRODUCT_NAME = "$(TARGET_NAME)";
				PROVISIONING_PROFILE = "5af027da-ed90-4945-b67e-6f5c36005c12";
				PROVISIONING_PROFILE_SPECIFIER = UniversalDevProfile;
			};
			name = Debug;
		};
		4C289E9C1F754DCE00E153B8 /* Release */ = {
			isa = XCBuildConfiguration;
			buildSettings = {
				ASSETCATALOG_COMPILER_APPICON_NAME = AppIcon;
				DEVELOPMENT_TEAM = J3RC3896Q4;
				FRAMEWORK_SEARCH_PATHS = (
					"$(inherited)",
					"$(PROJECT_DIR)/Frameworks",
				);
				INFOPLIST_FILE = VisionLAB/Info.plist;
				IPHONEOS_DEPLOYMENT_TARGET = 8.0;
				LD_RUNPATH_SEARCH_PATHS = "$(inherited) @executable_path/Frameworks";
				PRODUCT_BUNDLE_IDENTIFIER = com.bychance.VisionLAB;
				PRODUCT_NAME = "$(TARGET_NAME)";
				PROVISIONING_PROFILE = "5af027da-ed90-4945-b67e-6f5c36005c12";
				PROVISIONING_PROFILE_SPECIFIER = UniversalDevProfile;
			};
			name = Release;
		};
/* End XCBuildConfiguration section */

/* Begin XCConfigurationList section */
		4C289E7E1F754DCE00E153B8 /* Build configuration list for PBXProject "VisionLAB" */ = {
			isa = XCConfigurationList;
			buildConfigurations = (
				4C289E981F754DCE00E153B8 /* Debug */,
				4C289E991F754DCE00E153B8 /* Release */,
			);
			defaultConfigurationIsVisible = 0;
			defaultConfigurationName = Release;
		};
		4C289E9A1F754DCE00E153B8 /* Build configuration list for PBXNativeTarget "VisionLAB" */ = {
			isa = XCConfigurationList;
			buildConfigurations = (
				4C289E9B1F754DCE00E153B8 /* Debug */,
				4C289E9C1F754DCE00E153B8 /* Release */,
			);
			defaultConfigurationIsVisible = 0;
			defaultConfigurationName = Release;
		};
/* End XCConfigurationList section */
	};
	rootObject = 4C289E7B1F754DCE00E153B8 /* Project object */;
}
